
Microsoft Visual Studio Solution File, Format Version 12.00
# Visual Studio Version 16
VisualStudioVersion = 16.0.31729.503
MinimumVisualStudioVersion = 10.0.40219.1
Project("{FAE04EC0-301F-11D3-BF4B-00C04F79EFBC}") = "Joda.JSON.Testador", "Joda.JSON.Testador\Joda.JSON.Testador.csproj", "{865967C2-6656-4AA5-B5DF-A5FE04DB10A6}"
EndProject
Project("{FAE04EC0-301F-11D3-BF4B-00C04F79EFBC}") = "Joda.JSON", "Joda.JSON\Joda.JSON.csproj", "{DDBC36B1-F9EE-47E3-9BCF-F5313DC288F3}"
EndProject
Global
	GlobalSection(SolutionConfigurationPlatforms) = preSolution
		Debug|Any CPU = Debug|Any CPU
		Release|Any CPU = Release|Any CPU
	EndGlobalSection
	GlobalSection(ProjectConfigurationPlatforms) = postSolution
		{865967C2-6656-4AA5-B5DF-A5FE04DB10A6}.Debug|Any CPU.ActiveCfg = Debug|Any CPU
		{865967C2-6656-4AA5-B5DF-A5FE04DB10A6}.Debug|Any CPU.Build.0 = Debug|Any CPU
		{865967C2-6656-4AA5-B5DF-A5FE04DB10A6}.Release|Any CPU.ActiveCfg = Release|Any CPU
		{865967C2-6656-4AA5-B5DF-A5FE04DB10A6}.Release|Any CPU.Build.0 = Release|Any CPU
		{DDBC36B1-F9EE-47E3-9BCF-F5313DC288F3}.Debug|Any CPU.ActiveCfg = Debug|Any CPU
		{DDBC36B1-F9EE-47E3-9BCF-F5313DC288F3}.Debug|Any CPU.Build.0 = Debug|Any CPU
		{DDBC36B1-F9EE-47E3-9BCF-F5313DC288F3}.Release|Any CPU.ActiveCfg = Release|Any CPU
		{DDBC36B1-F9EE-47E3-9BCF-F5313DC288F3}.Release|Any CPU.Build.0 = Release|Any CPU
	EndGlobalSection
	GlobalSection(SolutionProperties) = preSolution
		HideSolutionNode = FALSE
	EndGlobalSection
	GlobalSection(ExtensibilityGlobals) = postSolution
		SolutionGuid = {B3B5EFD9-BBAD-48D2-839F-05EB75A3A942}
	EndGlobalSection
EndGlobal
